
Microsoft Visual Studio Solution File, Format Version 12.00
# Visual Studio Version 16
VisualStudioVersion = 16.0.32802.440
MinimumVisualStudioVersion = 10.0.40219.1
Project("{FAE04EC0-301F-11D3-BF4B-00C04F79EFBC}") = "DienMayCam", "DienMayCam\DienMayCam.csproj", "{0FF2481E-6397-4378-8C25-17927E4EF087}"
EndProject
Global
	GlobalSection(SolutionConfigurationPlatforms) = preSolution
		Debug|Any CPU = Debug|Any CPU
		Release|Any CPU = Release|Any CPU
	EndGlobalSection
	GlobalSection(ProjectConfigurationPlatforms) = postSolution
		{0FF2481E-6397-4378-8C25-17927E4EF087}.Debug|Any CPU.ActiveCfg = Debug|Any CPU
		{0FF2481E-6397-4378-8C25-17927E4EF087}.Debug|Any CPU.Build.0 = Debug|Any CPU
		{0FF2481E-6397-4378-8C25-17927E4EF087}.Release|Any CPU.ActiveCfg = Release|Any CPU
		{0FF2481E-6397-4378-8C25-17927E4EF087}.Release|Any CPU.Build.0 = Release|Any CPU
	EndGlobalSection
	GlobalSection(SolutionProperties) = preSolution
		HideSolutionNode = FALSE
	EndGlobalSection
	GlobalSection(ExtensibilityGlobals) = postSolution
		SolutionGuid = {4F1D2029-8739-4331-B679-D14DD0A246AF}
	EndGlobalSection
EndGlobal
